
Microsoft Visual Studio Solution File, Format Version 12.00
# Visual Studio Version 17
VisualStudioVersion = 17.3.32804.467
MinimumVisualStudioVersion = 10.0.40219.1
Project("{888888A0-9F3D-457C-B088-3A5042F75D52}") = "PythonApplication1", "PythonApplication1.pyproj", "{902D9AC0-F29C-4114-B6B9-B492F81A78CB}"
EndProject
Global
	GlobalSection(SolutionConfigurationPlatforms) = preSolution
		Debug|Any CPU = Debug|Any CPU
		Release|Any CPU = Release|Any CPU
	EndGlobalSection
	GlobalSection(ProjectConfigurationPlatforms) = postSolution
		{902D9AC0-F29C-4114-B6B9-B492F81A78CB}.Debug|Any CPU.ActiveCfg = Debug|Any CPU
		{902D9AC0-F29C-4114-B6B9-B492F81A78CB}.Release|Any CPU.ActiveCfg = Release|Any CPU
	EndGlobalSection
	GlobalSection(SolutionProperties) = preSolution
		HideSolutionNode = FALSE
	EndGlobalSection
	GlobalSection(ExtensibilityGlobals) = postSolution
		SolutionGuid = {D63C40CA-2355-47C8-B7C6-BDFA823771DF}
	EndGlobalSection
EndGlobal
